// !$*UTF8*$!
{
	archiveVersion = 1;
	classes = {
	};
	objectVersion = 50;
	objects = {

/* Begin PBXBuildFile section */
		1604115422E11DA600AB462E /* OSLogger.swift in Sources */ = {isa = PBXBuildFile; fileRef = 1604115322E11DA600AB462E /* OSLogger.swift */; };
		1604115D22E11F3100AB462E /* CocoaLumberjackAdapter.swift in Sources */ = {isa = PBXBuildFile; fileRef = 1604115C22E11F3100AB462E /* CocoaLumberjackAdapter.swift */; };
		1604115F22E11F3F00AB462E /* CocoaLumberjackFormatter.swift in Sources */ = {isa = PBXBuildFile; fileRef = 1604115E22E11F3F00AB462E /* CocoaLumberjackFormatter.swift */; };
		1604116222E11FA200AB462E /* LogFunctions.swift in Sources */ = {isa = PBXBuildFile; fileRef = 1604116122E11FA200AB462E /* LogFunctions.swift */; };
/* End PBXBuildFile section */

/* Begin PBXCopyFilesBuildPhase section */
		1604114E22E11DA600AB462E /* CopyFiles */ = {
			isa = PBXCopyFilesBuildPhase;
			buildActionMask = 2147483647;
			dstPath = "include/$(PRODUCT_NAME)";
			dstSubfolderSpec = 16;
			files = (
			);
			runOnlyForDeploymentPostprocessing = 0;
		};
/* End PBXCopyFilesBuildPhase section */

/* Begin PBXFileReference section */
		1604115022E11DA600AB462E /* libOSLogger.a */ = {isa = PBXFileReference; explicitFileType = archive.ar; includeInIndex = 0; path = libOSLogger.a; sourceTree = BUILT_PRODUCTS_DIR; };
		1604115322E11DA600AB462E /* OSLogger.swift */ = {isa = PBXFileReference; lastKnownFileType = sourcecode.swift; path = OSLogger.swift; sourceTree = "<group>"; };
		1604115C22E11F3100AB462E /* CocoaLumberjackAdapter.swift */ = {isa = PBXFileReference; fileEncoding = 4; lastKnownFileType = sourcecode.swift; path = CocoaLumberjackAdapter.swift; sourceTree = "<group>"; };
		1604115E22E11F3F00AB462E /* CocoaLumberjackFormatter.swift */ = {isa = PBXFileReference; fileEncoding = 4; lastKnownFileType = sourcecode.swift; path = CocoaLumberjackFormatter.swift; sourceTree = "<group>"; };
		1604116022E11FA200AB462E /* LogFunctions.h */ = {isa = PBXFileReference; fileEncoding = 4; lastKnownFileType = sourcecode.c.h; path = LogFunctions.h; sourceTree = "<group>"; };
		1604116122E11FA200AB462E /* LogFunctions.swift */ = {isa = PBXFileReference; fileEncoding = 4; lastKnownFileType = sourcecode.swift; path = LogFunctions.swift; sourceTree = "<group>"; };
/* End PBXFileReference section */

/* Begin PBXFrameworksBuildPhase section */
		1604114D22E11DA600AB462E /* Frameworks */ = {
			isa = PBXFrameworksBuildPhase;
			buildActionMask = 2147483647;
			files = (
			);
			runOnlyForDeploymentPostprocessing = 0;
		};
/* End PBXFrameworksBuildPhase section */

/* Begin PBXGroup section */
		1604114722E11DA600AB462E = {
			isa = PBXGroup;
			children = (
				1604115222E11DA600AB462E /* OSLogger */,
				1604115122E11DA600AB462E /* Products */,
			);
			sourceTree = "<group>";
		};
		1604115122E11DA600AB462E /* Products */ = {
			isa = PBXGroup;
			children = (
				1604115022E11DA600AB462E /* libOSLogger.a */,
			);
			name = Products;
			sourceTree = "<group>";
		};
		1604115222E11DA600AB462E /* OSLogger */ = {
			isa = PBXGroup;
			children = (
				1604115A22E11EF900AB462E /* Log Systems */,
				1604115322E11DA600AB462E /* OSLogger.swift */,
				1604116022E11FA200AB462E /* LogFunctions.h */,
				1604116122E11FA200AB462E /* LogFunctions.swift */,
			);
			path = OSLogger;
			sourceTree = "<group>";
		};
		1604115A22E11EF900AB462E /* Log Systems */ = {
			isa = PBXGroup;
			children = (
				1604115B22E11F0200AB462E /* CocoaLumberjack */,
			);
			path = "Log Systems";
			sourceTree = "<group>";
		};
		1604115B22E11F0200AB462E /* CocoaLumberjack */ = {
			isa = PBXGroup;
			children = (
				1604115E22E11F3F00AB462E /* CocoaLumberjackFormatter.swift */,
				1604115C22E11F3100AB462E /* CocoaLumberjackAdapter.swift */,
			);
			path = CocoaLumberjack;
			sourceTree = "<group>";
		};
/* End PBXGroup section */

/* Begin PBXNativeTarget section */
		1604114F22E11DA600AB462E /* OSLogger */ = {
			isa = PBXNativeTarget;
			buildConfigurationList = 1604115722E11DA600AB462E /* Build configuration list for PBXNativeTarget "OSLogger" */;
			buildPhases = (
				1604114C22E11DA600AB462E /* Sources */,
				1604114D22E11DA600AB462E /* Frameworks */,
				1604114E22E11DA600AB462E /* CopyFiles */,
			);
			buildRules = (
			);
			dependencies = (
			);
			name = OSLogger;
			productName = OSLogger;
			productReference = 1604115022E11DA600AB462E /* libOSLogger.a */;
			productType = "com.apple.product-type.library.static";
		};
/* End PBXNativeTarget section */

/* Begin PBXProject section */
		1604114822E11DA600AB462E /* Project object */ = {
			isa = PBXProject;
			attributes = {
				LastSwiftUpdateCheck = 1020;
				LastUpgradeCheck = 1020;
				ORGANIZATIONNAME = Mellontec;
				TargetAttributes = {
					1604114F22E11DA600AB462E = {
						CreatedOnToolsVersion = 10.2.1;
					};
				};
			};
			buildConfigurationList = 1604114B22E11DA600AB462E /* Build configuration list for PBXProject "OSLogger" */;
			compatibilityVersion = "Xcode 9.3";
			developmentRegion = en;
			hasScannedForEncodings = 0;
			knownRegions = (
				en,
			);
			mainGroup = 1604114722E11DA600AB462E;
			productRefGroup = 1604115122E11DA600AB462E /* Products */;
			projectDirPath = "";
			projectRoot = "";
			targets = (
				1604114F22E11DA600AB462E /* OSLogger */,
			);
		};
/* End PBXProject section */

/* Begin PBXSourcesBuildPhase section */
		1604114C22E11DA600AB462E /* Sources */ = {
			isa = PBXSourcesBuildPhase;
			buildActionMask = 2147483647;
			files = (
				1604116222E11FA200AB462E /* LogFunctions.swift in Sources */,
				1604115F22E11F3F00AB462E /* CocoaLumberjackFormatter.swift in Sources */,
				1604115422E11DA600AB462E /* OSLogger.swift in Sources */,
				1604115D22E11F3100AB462E /* CocoaLumberjackAdapter.swift in Sources */,
			);
			runOnlyForDeploymentPostprocessing = 0;
		};
/* End PBXSourcesBuildPhase section */

/* Begin XCBuildConfiguration section */
		1604115522E11DA600AB462E /* Debug */ = {
			isa = XCBuildConfiguration;
			buildSettings = {
				ALWAYS_SEARCH_USER_PATHS = NO;
				CLANG_ANALYZER_NONNULL = YES;
				CLANG_ANALYZER_NUMBER_OBJECT_CONVERSION = YES_AGGRESSIVE;
				CLANG_CXX_LANGUAGE_STANDARD = "gnu++14";
				CLANG_CXX_LIBRARY = "libc++";
				CLANG_ENABLE_MODULES = YES;
				CLANG_ENABLE_OBJC_ARC = YES;
				CLANG_ENABLE_OBJC_WEAK = YES;
				CLANG_WARN_BLOCK_CAPTURE_AUTORELEASING = YES;
				CLANG_WARN_BOOL_CONVERSION = YES;
				CLANG_WARN_COMMA = YES;
				CLANG_WARN_CONSTANT_CONVERSION = YES;
				CLANG_WARN_DEPRECATED_OBJC_IMPLEMENTATIONS = YES;
				CLANG_WARN_DIRECT_OBJC_ISA_USAGE = YES_ERROR;
				CLANG_WARN_DOCUMENTATION_COMMENTS = YES;
				CLANG_WARN_EMPTY_BODY = YES;
				CLANG_WARN_ENUM_CONVERSION = YES;
				CLANG_WARN_INFINITE_RECURSION = YES;
				CLANG_WARN_INT_CONVERSION = YES;
				CLANG_WARN_NON_LITERAL_NULL_CONVERSION = YES;
				CLANG_WARN_OBJC_IMPLICIT_RETAIN_SELF = YES;
				CLANG_WARN_OBJC_LITERAL_CONVERSION = YES;
				CLANG_WARN_OBJC_ROOT_CLASS = YES_ERROR;
				CLANG_WARN_RANGE_LOOP_ANALYSIS = YES;
				CLANG_WARN_STRICT_PROTOTYPES = YES;
				CLANG_WARN_SUSPICIOUS_MOVE = YES;
				CLANG_WARN_UNGUARDED_AVAILABILITY = YES_AGGRESSIVE;
				CLANG_WARN_UNREACHABLE_CODE = YES;
				CLANG_WARN__DUPLICATE_METHOD_MATCH = YES;
				CODE_SIGN_IDENTITY = "iPhone Developer";
				COPY_PHASE_STRIP = NO;
				DEBUG_INFORMATION_FORMAT = dwarf;
				ENABLE_STRICT_OBJC_MSGSEND = YES;
				ENABLE_TESTABILITY = YES;
				GCC_C_LANGUAGE_STANDARD = gnu11;
				GCC_DYNAMIC_NO_PIC = NO;
				GCC_NO_COMMON_BLOCKS = YES;
				GCC_OPTIMIZATION_LEVEL = 0;
				GCC_PREPROCESSOR_DEFINITIONS = (
					"DEBUG=1",
					"$(inherited)",
				);
				GCC_WARN_64_TO_32_BIT_CONVERSION = YES;
				GCC_WARN_ABOUT_RETURN_TYPE = YES_ERROR;
				GCC_WARN_UNDECLARED_SELECTOR = YES;
				GCC_WARN_UNINITIALIZED_AUTOS = YES_AGGRESSIVE;
				GCC_WARN_UNUSED_FUNCTION = YES;
				GCC_WARN_UNUSED_VARIABLE = YES;
				IPHONEOS_DEPLOYMENT_TARGET = 10.0;
				MTL_ENABLE_DEBUG_INFO = INCLUDE_SOURCE;
				MTL_FAST_MATH = YES;
				ONLY_ACTIVE_ARCH = YES;
				SDKROOT = iphoneos;
				SWIFT_ACTIVE_COMPILATION_CONDITIONS = DEBUG;
				SWIFT_OPTIMIZATION_LEVEL = "-Onone";
			};
			name = Debug;
		};
		1604115622E11DA600AB462E /* Release */ = {
			isa = XCBuildConfiguration;
			buildSettings = {
				ALWAYS_SEARCH_USER_PATHS = NO;
				CLANG_ANALYZER_NONNULL = YES;
				CLANG_ANALYZER_NUMBER_OBJECT_CONVERSION = YES_AGGRESSIVE;
				CLANG_CXX_LANGUAGE_STANDARD = "gnu++14";
				CLANG_CXX_LIBRARY = "libc++";
				CLANG_ENABLE_MODULES = YES;
				CLANG_ENABLE_OBJC_ARC = YES;
				CLANG_ENABLE_OBJC_WEAK = YES;
				CLANG_WARN_BLOCK_CAPTURE_AUTORELEASING = YES;
				CLANG_WARN_BOOL_CONVERSION = YES;
				CLANG_WARN_COMMA = YES;
				CLANG_WARN_CONSTANT_CONVERSION = YES;
				CLANG_WARN_DEPRECATED_OBJC_IMPLEMENTATIONS = YES;
				CLANG_WARN_DIRECT_OBJC_ISA_USAGE = YES_ERROR;
				CLANG_WARN_DOCUMENTATION_COMMENTS = YES;
				CLANG_WARN_EMPTY_BODY = YES;
				CLANG_WARN_ENUM_CONVERSION = YES;
				CLANG_WARN_INFINITE_RECURSION = YES;
				CLANG_WARN_INT_CONVERSION = YES;
				CLANG_WARN_NON_LITERAL_NULL_CONVERSION = YES;
				CLANG_WARN_OBJC_IMPLICIT_RETAIN_SELF = YES;
				CLANG_WARN_OBJC_LITERAL_CONVERSION = YES;
				CLANG_WARN_OBJC_ROOT_CLASS = YES_ERROR;
				CLANG_WARN_RANGE_LOOP_ANALYSIS = YES;
				CLANG_WARN_STRICT_PROTOTYPES = YES;
				CLANG_WARN_SUSPICIOUS_MOVE = YES;
				CLANG_WARN_UNGUARDED_AVAILABILITY = YES_AGGRESSIVE;
				CLANG_WARN_UNREACHABLE_CODE = YES;
				CLANG_WARN__DUPLICATE_METHOD_MATCH = YES;
				CODE_SIGN_IDENTITY = "iPhone Developer";
				COPY_PHASE_STRIP = NO;
				DEBUG_INFORMATION_FORMAT = "dwarf-with-dsym";
				ENABLE_NS_ASSERTIONS = NO;
				ENABLE_STRICT_OBJC_MSGSEND = YES;
				GCC_C_LANGUAGE_STANDARD = gnu11;
				GCC_NO_COMMON_BLOCKS = YES;
				GCC_WARN_64_TO_32_BIT_CONVERSION = YES;
				GCC_WARN_ABOUT_RETURN_TYPE = YES_ERROR;
				GCC_WARN_UNDECLARED_SELECTOR = YES;
				GCC_WARN_UNINITIALIZED_AUTOS = YES_AGGRESSIVE;
				GCC_WARN_UNUSED_FUNCTION = YES;
				GCC_WARN_UNUSED_VARIABLE = YES;
				IPHONEOS_DEPLOYMENT_TARGET = 10.0;
				MTL_ENABLE_DEBUG_INFO = NO;
				MTL_FAST_MATH = YES;
				SDKROOT = iphoneos;
				SWIFT_COMPILATION_MODE = wholemodule;
				SWIFT_OPTIMIZATION_LEVEL = "-O";
				VALIDATE_PRODUCT = YES;
			};
			name = Release;
		};
		1604115822E11DA600AB462E /* Debug */ = {
			isa = XCBuildConfiguration;
			buildSettings = {
				CODE_SIGN_STYLE = Automatic;
				DEVELOPMENT_TEAM = LDVQUVL36B;
				OTHER_LDFLAGS = "-ObjC";
				PRODUCT_NAME = "$(TARGET_NAME)";
				SKIP_INSTALL = YES;
				SWIFT_VERSION = 5.0;
				TARGETED_DEVICE_FAMILY = "1,2";
			};
			name = Debug;
		};
		1604115922E11DA600AB462E /* Release */ = {
			isa = XCBuildConfiguration;
			buildSettings = {
				CODE_SIGN_STYLE = Automatic;
				DEVELOPMENT_TEAM = LDVQUVL36B;
				OTHER_LDFLAGS = "-ObjC";
				PRODUCT_NAME = "$(TARGET_NAME)";
				SKIP_INSTALL = YES;
				SWIFT_VERSION = 5.0;
				TARGETED_DEVICE_FAMILY = "1,2";
			};
			name = Release;
		};
/* End XCBuildConfiguration section */

/* Begin XCConfigurationList section */
		1604114B22E11DA600AB462E /* Build configuration list for PBXProject "OSLogger" */ = {
			isa = XCConfigurationList;
			buildConfigurations = (
				1604115522E11DA600AB462E /* Debug */,
				1604115622E11DA600AB462E /* Release */,
			);
			defaultConfigurationIsVisible = 0;
			defaultConfigurationName = Release;
		};
		1604115722E11DA600AB462E /* Build configuration list for PBXNativeTarget "OSLogger" */ = {
			isa = XCConfigurationList;
			buildConfigurations = (
				1604115822E11DA600AB462E /* Debug */,
				1604115922E11DA600AB462E /* Release */,
			);
			defaultConfigurationIsVisible = 0;
			defaultConfigurationName = Release;
		};
/* End XCConfigurationList section */
	};
	rootObject = 1604114822E11DA600AB462E /* Project object */;
}
